
Microsoft Visual Studio Solution File, Format Version 12.00
# Visual Studio 15
VisualStudioVersion = 15.0.28010.2050
MinimumVisualStudioVersion = 10.0.40219.1
Project("{8BC9CEB8-8B4A-11D0-8D11-00A0C91BC942}") = "CLC11", "CLC11\CLC11.vcxproj", "{65A6A626-38CC-4C09-B014-4364DDCFA2C9}"
EndProject
Global
	GlobalSection(SolutionConfigurationPlatforms) = preSolution
		Debug|x64 = Debug|x64
		Debug|x86 = Debug|x86
		Release|x64 = Release|x64
		Release|x86 = Release|x86
	EndGlobalSection
	GlobalSection(ProjectConfigurationPlatforms) = postSolution
		{65A6A626-38CC-4C09-B014-4364DDCFA2C9}.Debug|x64.ActiveCfg = Debug|x64
		{65A6A626-38CC-4C09-B014-4364DDCFA2C9}.Debug|x64.Build.0 = Debug|x64
		{65A6A626-38CC-4C09-B014-4364DDCFA2C9}.Debug|x86.ActiveCfg = Debug|Win32
		{65A6A626-38CC-4C09-B014-4364DDCFA2C9}.Debug|x86.Build.0 = Debug|Win32
		{65A6A626-38CC-4C09-B014-4364DDCFA2C9}.Release|x64.ActiveCfg = Release|x64
		{65A6A626-38CC-4C09-B014-4364DDCFA2C9}.Release|x64.Build.0 = Release|x64
		{65A6A626-38CC-4C09-B014-4364DDCFA2C9}.Release|x86.ActiveCfg = Release|Win32
		{65A6A626-38CC-4C09-B014-4364DDCFA2C9}.Release|x86.Build.0 = Release|Win32
	EndGlobalSection
	GlobalSection(SolutionProperties) = preSolution
		HideSolutionNode = FALSE
	EndGlobalSection
	GlobalSection(ExtensibilityGlobals) = postSolution
		SolutionGuid = {C0D097E3-43E8-48BA-925B-73FBEC82B124}
	EndGlobalSection
EndGlobal
